{
  "name": "data_encryption_project-",
  "version": "1.0.0",
  "lockfileVersion": 2,
  "requires": true,
  "packages": {
    "": {
      "name": "data_encryption_project-",
      "version": "1.0.0",
      "license": "ISC",
      "dependencies": {
        "crypto-js": "^4.1.1",
        "cryptr": "^6.0.3",
        "email-verificationtoken": "^0.0.3"
      }
    },
    "node_modules/crypto-js": {
      "version": "4.1.1",
      "resolved": "https://registry.npmjs.org/crypto-js/-/crypto-js-4.1.1.tgz",
      "integrity": "sha512-o2JlM7ydqd3Qk9CA0L4NL6mTzU2sdx96a+oOfPu8Mkl/PK51vSyoi8/rQ8NknZtk44vq15lmhAj9CIAGwgeWKw=="
    },
    "node_modules/cryptr": {
      "version": "6.0.3",
      "resolved": "https://registry.npmjs.org/cryptr/-/cryptr-6.0.3.tgz",
      "integrity": "sha512-Nhaxn3CYl/OoWF3JSZlF8B6FQO600RRkU3g8213OGEIq4YvMlc3od8hL9chubhY1SmTq8ienvCRq1MSFjMTpOg=="
    },
    "node_modules/email-verificationtoken": {
      "version": "0.0.3",
      "resolved": "https://registry.npmjs.org/email-verificationtoken/-/email-verificationtoken-0.0.3.tgz",
      "integrity": "sha512-hCwccDSqE7V9N+fpg1vr4uwJz6o1bWeUsZtawwCB4lN0V3dDutms/6nAADTW62v9nsIPLqmpCMbCDI2qtW4QXw==",
      "engines": {
        "node": ">= 0.2.6"
      }
    }
  },
  "dependencies": {
    "crypto-js": {
      "version": "4.1.1",
      "resolved": "https://registry.npmjs.org/crypto-js/-/crypto-js-4.1.1.tgz",
      "integrity": "sha512-o2JlM7ydqd3Qk9CA0L4NL6mTzU2sdx96a+oOfPu8Mkl/PK51vSyoi8/rQ8NknZtk44vq15lmhAj9CIAGwgeWKw=="
    },
    "cryptr": {
      "version": "6.0.3",
      "resolved": "https://registry.npmjs.org/cryptr/-/cryptr-6.0.3.tgz",
      "integrity": "sha512-Nhaxn3CYl/OoWF3JSZlF8B6FQO600RRkU3g8213OGEIq4YvMlc3od8hL9chubhY1SmTq8ienvCRq1MSFjMTpOg=="
    },
    "email-verificationtoken": {
      "version": "0.0.3",
      "resolved": "https://registry.npmjs.org/email-verificationtoken/-/email-verificationtoken-0.0.3.tgz",
      "integrity": "sha512-hCwccDSqE7V9N+fpg1vr4uwJz6o1bWeUsZtawwCB4lN0V3dDutms/6nAADTW62v9nsIPLqmpCMbCDI2qtW4QXw=="
    }
  }
}
